{
  "requires": true,
  "lockfileVersion": 1,
  "dependencies": {
    "youtube-embed": {
      "version": "1.0.0",
      "resolved": "https://registry.npmjs.org/youtube-embed/-/youtube-embed-1.0.0.tgz",
      "integrity": "sha512-k1VsAxUk5Lc88tTKZcHt4UdYvvKoMkYqJ7qsIr+skAxSJED3FpgtGesry8g9FlEVNMctGrfOKDwaoWs6Y5npNg=="
    }
  }
}
